
Microsoft Visual Studio Solution File, Format Version 12.00
# Visual Studio 15
VisualStudioVersion = 15.0.26228.9
MinimumVisualStudioVersion = 10.0.40219.1
Project("{FAE04EC0-301F-11D3-BF4B-00C04F79EFBC}") = "MultiplierTestsLib", "MultiplierTestsLib\MultiplierTestsLib.csproj", "{DA489845-3CF2-4946-8AE7-CBB39A3C0A44}"
EndProject
Project("{FAE04EC0-301F-11D3-BF4B-00C04F79EFBC}") = "MultiplierLib", "MultiplierLib\MultiplierLib.csproj", "{8E9E9069-D4E7-4743-A044-378B7A127DF8}"
EndProject
Project("{FAE04EC0-301F-11D3-BF4B-00C04F79EFBC}") = "StoretellerTestsLib", "StoretellerTestsLib\StoretellerTestsLib.csproj", "{0AA3605F-99D2-494A-AEAB-6A0CF87AD3C0}"
EndProject
Project("{FAE04EC0-301F-11D3-BF4B-00C04F79EFBC}") = "StorytellerLib", "StorytellerLib\StorytellerLib.csproj", "{ED86A891-3F0A-419E-B6B8-94784E5142FA}"
EndProject
Project("{FAE04EC0-301F-11D3-BF4B-00C04F79EFBC}") = "VarukorgTestsLib", "VarukorgTestsLib\VarukorgTestsLib.csproj", "{F9812AB9-F72A-44E8-B68D-2179E2119452}"
EndProject
Project("{2150E333-8FDC-42A3-9474-1A3956D46DE8}") = "2017-09-18", "2017-09-18", "{D92054F7-0797-40E5-AF3E-7742719DC2F8}"
EndProject
Project("{FAE04EC0-301F-11D3-BF4B-00C04F79EFBC}") = "VarukorgLib", "VarukorgLib\VarukorgLib.csproj", "{1ED0C1A7-703E-4B41-9940-4226283DB708}"
EndProject
Project("{2150E333-8FDC-42A3-9474-1A3956D46DE8}") = "2017-09-", "2017-09-", "{E030808C-FE90-4249-A0A6-58F3D4C22A05}"
EndProject
Project("{FAE04EC0-301F-11D3-BF4B-00C04F79EFBC}") = "StorytellerWindowsApp", "StorytellerWindowsApp\StorytellerWindowsApp.csproj", "{222A7681-420F-499D-AAA0-B8AE0BF368D0}"
EndProject
Project("{FAE04EC0-301F-11D3-BF4B-00C04F79EFBC}") = "CircusTestLib", "CircusTestLib\CircusTestLib.csproj", "{E9C4CB77-D612-4D5A-AEFA-A230B0D4A8E0}"
EndProject
Project("{FAE04EC0-301F-11D3-BF4B-00C04F79EFBC}") = "CircusLib", "CircusLib\CircusLib.csproj", "{F792F425-1872-4020-8439-E70FD4C25F0F}"
EndProject
Global
	GlobalSection(SolutionConfigurationPlatforms) = preSolution
		Debug|Any CPU = Debug|Any CPU
		Release|Any CPU = Release|Any CPU
	EndGlobalSection
	GlobalSection(ProjectConfigurationPlatforms) = postSolution
		{DA489845-3CF2-4946-8AE7-CBB39A3C0A44}.Debug|Any CPU.ActiveCfg = Debug|Any CPU
		{DA489845-3CF2-4946-8AE7-CBB39A3C0A44}.Debug|Any CPU.Build.0 = Debug|Any CPU
		{DA489845-3CF2-4946-8AE7-CBB39A3C0A44}.Release|Any CPU.ActiveCfg = Release|Any CPU
		{DA489845-3CF2-4946-8AE7-CBB39A3C0A44}.Release|Any CPU.Build.0 = Release|Any CPU
		{8E9E9069-D4E7-4743-A044-378B7A127DF8}.Debug|Any CPU.ActiveCfg = Debug|Any CPU
		{8E9E9069-D4E7-4743-A044-378B7A127DF8}.Debug|Any CPU.Build.0 = Debug|Any CPU
		{8E9E9069-D4E7-4743-A044-378B7A127DF8}.Release|Any CPU.ActiveCfg = Release|Any CPU
		{8E9E9069-D4E7-4743-A044-378B7A127DF8}.Release|Any CPU.Build.0 = Release|Any CPU
		{0AA3605F-99D2-494A-AEAB-6A0CF87AD3C0}.Debug|Any CPU.ActiveCfg = Debug|Any CPU
		{0AA3605F-99D2-494A-AEAB-6A0CF87AD3C0}.Debug|Any CPU.Build.0 = Debug|Any CPU
		{0AA3605F-99D2-494A-AEAB-6A0CF87AD3C0}.Release|Any CPU.ActiveCfg = Release|Any CPU
		{0AA3605F-99D2-494A-AEAB-6A0CF87AD3C0}.Release|Any CPU.Build.0 = Release|Any CPU
		{ED86A891-3F0A-419E-B6B8-94784E5142FA}.Debug|Any CPU.ActiveCfg = Debug|Any CPU
		{ED86A891-3F0A-419E-B6B8-94784E5142FA}.Debug|Any CPU.Build.0 = Debug|Any CPU
		{ED86A891-3F0A-419E-B6B8-94784E5142FA}.Release|Any CPU.ActiveCfg = Release|Any CPU
		{ED86A891-3F0A-419E-B6B8-94784E5142FA}.Release|Any CPU.Build.0 = Release|Any CPU
		{F9812AB9-F72A-44E8-B68D-2179E2119452}.Debug|Any CPU.ActiveCfg = Debug|Any CPU
		{F9812AB9-F72A-44E8-B68D-2179E2119452}.Debug|Any CPU.Build.0 = Debug|Any CPU
		{F9812AB9-F72A-44E8-B68D-2179E2119452}.Release|Any CPU.ActiveCfg = Release|Any CPU
		{F9812AB9-F72A-44E8-B68D-2179E2119452}.Release|Any CPU.Build.0 = Release|Any CPU
		{1ED0C1A7-703E-4B41-9940-4226283DB708}.Debug|Any CPU.ActiveCfg = Debug|Any CPU
		{1ED0C1A7-703E-4B41-9940-4226283DB708}.Debug|Any CPU.Build.0 = Debug|Any CPU
		{1ED0C1A7-703E-4B41-9940-4226283DB708}.Release|Any CPU.ActiveCfg = Release|Any CPU
		{1ED0C1A7-703E-4B41-9940-4226283DB708}.Release|Any CPU.Build.0 = Release|Any CPU
		{222A7681-420F-499D-AAA0-B8AE0BF368D0}.Debug|Any CPU.ActiveCfg = Debug|Any CPU
		{222A7681-420F-499D-AAA0-B8AE0BF368D0}.Debug|Any CPU.Build.0 = Debug|Any CPU
		{222A7681-420F-499D-AAA0-B8AE0BF368D0}.Release|Any CPU.ActiveCfg = Release|Any CPU
		{222A7681-420F-499D-AAA0-B8AE0BF368D0}.Release|Any CPU.Build.0 = Release|Any CPU
		{E9C4CB77-D612-4D5A-AEFA-A230B0D4A8E0}.Debug|Any CPU.ActiveCfg = Debug|Any CPU
		{E9C4CB77-D612-4D5A-AEFA-A230B0D4A8E0}.Debug|Any CPU.Build.0 = Debug|Any CPU
		{E9C4CB77-D612-4D5A-AEFA-A230B0D4A8E0}.Release|Any CPU.ActiveCfg = Release|Any CPU
		{E9C4CB77-D612-4D5A-AEFA-A230B0D4A8E0}.Release|Any CPU.Build.0 = Release|Any CPU
		{F792F425-1872-4020-8439-E70FD4C25F0F}.Debug|Any CPU.ActiveCfg = Debug|Any CPU
		{F792F425-1872-4020-8439-E70FD4C25F0F}.Debug|Any CPU.Build.0 = Debug|Any CPU
		{F792F425-1872-4020-8439-E70FD4C25F0F}.Release|Any CPU.ActiveCfg = Release|Any CPU
		{F792F425-1872-4020-8439-E70FD4C25F0F}.Release|Any CPU.Build.0 = Release|Any CPU
	EndGlobalSection
	GlobalSection(SolutionProperties) = preSolution
		HideSolutionNode = FALSE
	EndGlobalSection
	GlobalSection(NestedProjects) = preSolution
		{1ED0C1A7-703E-4B41-9940-4226283DB708} = {D92054F7-0797-40E5-AF3E-7742719DC2F8}
		{222A7681-420F-499D-AAA0-B8AE0BF368D0} = {E030808C-FE90-4249-A0A6-58F3D4C22A05}
		{E9C4CB77-D612-4D5A-AEFA-A230B0D4A8E0} = {E030808C-FE90-4249-A0A6-58F3D4C22A05}
		{F792F425-1872-4020-8439-E70FD4C25F0F} = {E030808C-FE90-4249-A0A6-58F3D4C22A05}
	EndGlobalSection
EndGlobal
